
Microsoft Visual Studio Solution File, Format Version 12.00
# Visual Studio Version 17
VisualStudioVersion = 17.10.35027.167
MinimumVisualStudioVersion = 10.0.40219.1
Project("{FAE04EC0-301F-11D3-BF4B-00C04F79EFBC}") = "InventoryManager", "InventoryManager\InventoryManager.csproj", "{AED18589-01FF-43A5-8060-A7F64F5AC067}"
EndProject
Global
	GlobalSection(SolutionConfigurationPlatforms) = preSolution
		Debug|Any CPU = Debug|Any CPU
		Release|Any CPU = Release|Any CPU
	EndGlobalSection
	GlobalSection(ProjectConfigurationPlatforms) = postSolution
		{AED18589-01FF-43A5-8060-A7F64F5AC067}.Debug|Any CPU.ActiveCfg = Debug|Any CPU
		{AED18589-01FF-43A5-8060-A7F64F5AC067}.Debug|Any CPU.Build.0 = Debug|Any CPU
		{AED18589-01FF-43A5-8060-A7F64F5AC067}.Release|Any CPU.ActiveCfg = Release|Any CPU
		{AED18589-01FF-43A5-8060-A7F64F5AC067}.Release|Any CPU.Build.0 = Release|Any CPU
	EndGlobalSection
	GlobalSection(SolutionProperties) = preSolution
		HideSolutionNode = FALSE
	EndGlobalSection
	GlobalSection(ExtensibilityGlobals) = postSolution
		SolutionGuid = {AE995665-6A10-4F57-B0F4-5C19E57702C5}
	EndGlobalSection
EndGlobal
